// !$*UTF8*$!
{
	archiveVersion = 1;
	classes = {
	};
	objectVersion = 46;
	objects = {

/* Begin PBXBuildFile section */
		512C57E91EEEBD0F006D7651 /* AppDelegate.swift in Sources */ = {isa = PBXBuildFile; fileRef = 512C57E81EEEBD0F006D7651 /* AppDelegate.swift */; };
		512C57EB1EEEBD0F006D7651 /* ViewController.swift in Sources */ = {isa = PBXBuildFile; fileRef = 512C57EA1EEEBD0F006D7651 /* ViewController.swift */; };
		512C57EE1EEEBD0F006D7651 /* Main.storyboard in Resources */ = {isa = PBXBuildFile; fileRef = 512C57EC1EEEBD0F006D7651 /* Main.storyboard */; };
		512C57F11EEEBD0F006D7651 /* BasketCalculator.xcdatamodeld in Sources */ = {isa = PBXBuildFile; fileRef = 512C57EF1EEEBD0F006D7651 /* BasketCalculator.xcdatamodeld */; };
		512C57F31EEEBD0F006D7651 /* Assets.xcassets in Resources */ = {isa = PBXBuildFile; fileRef = 512C57F21EEEBD0F006D7651 /* Assets.xcassets */; };
		512C57F61EEEBD0F006D7651 /* LaunchScreen.storyboard in Resources */ = {isa = PBXBuildFile; fileRef = 512C57F41EEEBD0F006D7651 /* LaunchScreen.storyboard */; };
		512C58011EEEBD0F006D7651 /* BasketCalculatorTests.swift in Sources */ = {isa = PBXBuildFile; fileRef = 512C58001EEEBD0F006D7651 /* BasketCalculatorTests.swift */; };
		512C580C1EEEC0FC006D7651 /* Checkout.storyboard in Resources */ = {isa = PBXBuildFile; fileRef = 512C580B1EEEC0FC006D7651 /* Checkout.storyboard */; };
		512C580E1EEEC41F006D7651 /* rates.json in Resources */ = {isa = PBXBuildFile; fileRef = 512C580D1EEEC41F006D7651 /* rates.json */; };
		512C58101EEEC452006D7651 /* CheckoutViewController.swift in Sources */ = {isa = PBXBuildFile; fileRef = 512C580F1EEEC452006D7651 /* CheckoutViewController.swift */; };
		512C58121EEED0E8006D7651 /* PurchasableItemViewController.swift in Sources */ = {isa = PBXBuildFile; fileRef = 512C58111EEED0E8006D7651 /* PurchasableItemViewController.swift */; };
/* End PBXBuildFile section */

/* Begin PBXContainerItemProxy section */
		512C57FD1EEEBD0F006D7651 /* PBXContainerItemProxy */ = {
			isa = PBXContainerItemProxy;
			containerPortal = 512C57DD1EEEBD0F006D7651 /* Project object */;
			proxyType = 1;
			remoteGlobalIDString = 512C57E41EEEBD0F006D7651;
			remoteInfo = BasketCalculator;
		};
/* End PBXContainerItemProxy section */

/* Begin PBXFileReference section */
		512C57E51EEEBD0F006D7651 /* BasketCalculator.app */ = {isa = PBXFileReference; explicitFileType = wrapper.application; includeInIndex = 0; path = BasketCalculator.app; sourceTree = BUILT_PRODUCTS_DIR; };
		512C57E81EEEBD0F006D7651 /* AppDelegate.swift */ = {isa = PBXFileReference; lastKnownFileType = sourcecode.swift; path = AppDelegate.swift; sourceTree = "<group>"; };
		512C57EA1EEEBD0F006D7651 /* ViewController.swift */ = {isa = PBXFileReference; lastKnownFileType = sourcecode.swift; path = ViewController.swift; sourceTree = "<group>"; };
		512C57ED1EEEBD0F006D7651 /* Base */ = {isa = PBXFileReference; lastKnownFileType = file.storyboard; name = Base; path = Base.lproj/Main.storyboard; sourceTree = "<group>"; };
		512C57F01EEEBD0F006D7651 /* BasketCalculator.xcdatamodel */ = {isa = PBXFileReference; lastKnownFileType = wrapper.xcdatamodel; path = BasketCalculator.xcdatamodel; sourceTree = "<group>"; };
		512C57F21EEEBD0F006D7651 /* Assets.xcassets */ = {isa = PBXFileReference; lastKnownFileType = folder.assetcatalog; path = Assets.xcassets; sourceTree = "<group>"; };
		512C57F51EEEBD0F006D7651 /* Base */ = {isa = PBXFileReference; lastKnownFileType = file.storyboard; name = Base; path = Base.lproj/LaunchScreen.storyboard; sourceTree = "<group>"; };
		512C57F71EEEBD0F006D7651 /* Info.plist */ = {isa = PBXFileReference; lastKnownFileType = text.plist.xml; path = Info.plist; sourceTree = "<group>"; };
		512C57FC1EEEBD0F006D7651 /* BasketCalculatorTests.xctest */ = {isa = PBXFileReference; explicitFileType = wrapper.cfbundle; includeInIndex = 0; path = BasketCalculatorTests.xctest; sourceTree = BUILT_PRODUCTS_DIR; };
		512C58001EEEBD0F006D7651 /* BasketCalculatorTests.swift */ = {isa = PBXFileReference; lastKnownFileType = sourcecode.swift; path = BasketCalculatorTests.swift; sourceTree = "<group>"; };
		512C58021EEEBD0F006D7651 /* Info.plist */ = {isa = PBXFileReference; lastKnownFileType = text.plist.xml; path = Info.plist; sourceTree = "<group>"; };
		512C580B1EEEC0FC006D7651 /* Checkout.storyboard */ = {isa = PBXFileReference; fileEncoding = 4; lastKnownFileType = file.storyboard; path = Checkout.storyboard; sourceTree = "<group>"; };
		512C580D1EEEC41F006D7651 /* rates.json */ = {isa = PBXFileReference; fileEncoding = 4; lastKnownFileType = text.json; path = rates.json; sourceTree = "<group>"; };
		512C580F1EEEC452006D7651 /* CheckoutViewController.swift */ = {isa = PBXFileReference; fileEncoding = 4; lastKnownFileType = sourcecode.swift; path = CheckoutViewController.swift; sourceTree = "<group>"; };
		512C58111EEED0E8006D7651 /* PurchasableItemViewController.swift */ = {isa = PBXFileReference; fileEncoding = 4; lastKnownFileType = sourcecode.swift; path = PurchasableItemViewController.swift; sourceTree = "<group>"; };
/* End PBXFileReference section */

/* Begin PBXFrameworksBuildPhase section */
		512C57E21EEEBD0F006D7651 /* Frameworks */ = {
			isa = PBXFrameworksBuildPhase;
			buildActionMask = 2147483647;
			files = (
			);
			runOnlyForDeploymentPostprocessing = 0;
		};
		512C57F91EEEBD0F006D7651 /* Frameworks */ = {
			isa = PBXFrameworksBuildPhase;
			buildActionMask = 2147483647;
			files = (
			);
			runOnlyForDeploymentPostprocessing = 0;
		};
/* End PBXFrameworksBuildPhase section */

/* Begin PBXGroup section */
		512C57DC1EEEBD0F006D7651 = {
			isa = PBXGroup;
			children = (
				512C57E71EEEBD0F006D7651 /* BasketCalculator */,
				512C57FF1EEEBD0F006D7651 /* BasketCalculatorTests */,
				512C57E61EEEBD0F006D7651 /* Products */,
			);
			sourceTree = "<group>";
		};
		512C57E61EEEBD0F006D7651 /* Products */ = {
			isa = PBXGroup;
			children = (
				512C57E51EEEBD0F006D7651 /* BasketCalculator.app */,
				512C57FC1EEEBD0F006D7651 /* BasketCalculatorTests.xctest */,
			);
			name = Products;
			sourceTree = "<group>";
		};
		512C57E71EEEBD0F006D7651 /* BasketCalculator */ = {
			isa = PBXGroup;
			children = (
				512C57E81EEEBD0F006D7651 /* AppDelegate.swift */,
				512C57EC1EEEBD0F006D7651 /* Main.storyboard */,
				512C57EA1EEEBD0F006D7651 /* ViewController.swift */,
				512C58111EEED0E8006D7651 /* PurchasableItemViewController.swift */,
				512C580B1EEEC0FC006D7651 /* Checkout.storyboard */,
				512C580F1EEEC452006D7651 /* CheckoutViewController.swift */,
				512C580D1EEEC41F006D7651 /* rates.json */,
				512C57F21EEEBD0F006D7651 /* Assets.xcassets */,
				512C57F41EEEBD0F006D7651 /* LaunchScreen.storyboard */,
				512C57F71EEEBD0F006D7651 /* Info.plist */,
				512C57EF1EEEBD0F006D7651 /* BasketCalculator.xcdatamodeld */,
			);
			path = BasketCalculator;
			sourceTree = "<group>";
		};
		512C57FF1EEEBD0F006D7651 /* BasketCalculatorTests */ = {
			isa = PBXGroup;
			children = (
				512C58001EEEBD0F006D7651 /* BasketCalculatorTests.swift */,
				512C58021EEEBD0F006D7651 /* Info.plist */,
			);
			path = BasketCalculatorTests;
			sourceTree = "<group>";
		};
/* End PBXGroup section */

/* Begin PBXNativeTarget section */
		512C57E41EEEBD0F006D7651 /* BasketCalculator */ = {
			isa = PBXNativeTarget;
			buildConfigurationList = 512C58051EEEBD0F006D7651 /* Build configuration list for PBXNativeTarget "BasketCalculator" */;
			buildPhases = (
				512C57E11EEEBD0F006D7651 /* Sources */,
				512C57E21EEEBD0F006D7651 /* Frameworks */,
				512C57E31EEEBD0F006D7651 /* Resources */,
			);
			buildRules = (
			);
			dependencies = (
			);
			name = BasketCalculator;
			productName = BasketCalculator;
			productReference = 512C57E51EEEBD0F006D7651 /* BasketCalculator.app */;
			productType = "com.apple.product-type.application";
		};
		512C57FB1EEEBD0F006D7651 /* BasketCalculatorTests */ = {
			isa = PBXNativeTarget;
			buildConfigurationList = 512C58081EEEBD0F006D7651 /* Build configuration list for PBXNativeTarget "BasketCalculatorTests" */;
			buildPhases = (
				512C57F81EEEBD0F006D7651 /* Sources */,
				512C57F91EEEBD0F006D7651 /* Frameworks */,
				512C57FA1EEEBD0F006D7651 /* Resources */,
			);
			buildRules = (
			);
			dependencies = (
				512C57FE1EEEBD0F006D7651 /* PBXTargetDependency */,
			);
			name = BasketCalculatorTests;
			productName = BasketCalculatorTests;
			productReference = 512C57FC1EEEBD0F006D7651 /* BasketCalculatorTests.xctest */;
			productType = "com.apple.product-type.bundle.unit-test";
		};
/* End PBXNativeTarget section */

/* Begin PBXProject section */
		512C57DD1EEEBD0F006D7651 /* Project object */ = {
			isa = PBXProject;
			attributes = {
				LastSwiftUpdateCheck = 0830;
				LastUpgradeCheck = 0830;
				ORGANIZATIONNAME = "Big Bear Labs";
				TargetAttributes = {
					512C57E41EEEBD0F006D7651 = {
						CreatedOnToolsVersion = 8.3.2;
						ProvisioningStyle = Manual;
					};
					512C57FB1EEEBD0F006D7651 = {
						CreatedOnToolsVersion = 8.3.2;
						DevelopmentTeam = XK44TD8U4S;
						ProvisioningStyle = Automatic;
						TestTargetID = 512C57E41EEEBD0F006D7651;
					};
				};
			};
			buildConfigurationList = 512C57E01EEEBD0F006D7651 /* Build configuration list for PBXProject "BasketCalculator" */;
			compatibilityVersion = "Xcode 3.2";
			developmentRegion = English;
			hasScannedForEncodings = 0;
			knownRegions = (
				en,
				Base,
			);
			mainGroup = 512C57DC1EEEBD0F006D7651;
			productRefGroup = 512C57E61EEEBD0F006D7651 /* Products */;
			projectDirPath = "";
			projectRoot = "";
			targets = (
				512C57E41EEEBD0F006D7651 /* BasketCalculator */,
				512C57FB1EEEBD0F006D7651 /* BasketCalculatorTests */,
			);
		};
/* End PBXProject section */

/* Begin PBXResourcesBuildPhase section */
		512C57E31EEEBD0F006D7651 /* Resources */ = {
			isa = PBXResourcesBuildPhase;
			buildActionMask = 2147483647;
			files = (
				512C580C1EEEC0FC006D7651 /* Checkout.storyboard in Resources */,
				512C57F61EEEBD0F006D7651 /* LaunchScreen.storyboard in Resources */,
				512C57F31EEEBD0F006D7651 /* Assets.xcassets in Resources */,
				512C57EE1EEEBD0F006D7651 /* Main.storyboard in Resources */,
				512C580E1EEEC41F006D7651 /* rates.json in Resources */,
			);
			runOnlyForDeploymentPostprocessing = 0;
		};
		512C57FA1EEEBD0F006D7651 /* Resources */ = {
			isa = PBXResourcesBuildPhase;
			buildActionMask = 2147483647;
			files = (
			);
			runOnlyForDeploymentPostprocessing = 0;
		};
/* End PBXResourcesBuildPhase section */

/* Begin PBXSourcesBuildPhase section */
		512C57E11EEEBD0F006D7651 /* Sources */ = {
			isa = PBXSourcesBuildPhase;
			buildActionMask = 2147483647;
			files = (
				512C58101EEEC452006D7651 /* CheckoutViewController.swift in Sources */,
				512C57EB1EEEBD0F006D7651 /* ViewController.swift in Sources */,
				512C57F11EEEBD0F006D7651 /* BasketCalculator.xcdatamodeld in Sources */,
				512C58121EEED0E8006D7651 /* PurchasableItemViewController.swift in Sources */,
				512C57E91EEEBD0F006D7651 /* AppDelegate.swift in Sources */,
			);
			runOnlyForDeploymentPostprocessing = 0;
		};
		512C57F81EEEBD0F006D7651 /* Sources */ = {
			isa = PBXSourcesBuildPhase;
			buildActionMask = 2147483647;
			files = (
				512C58011EEEBD0F006D7651 /* BasketCalculatorTests.swift in Sources */,
			);
			runOnlyForDeploymentPostprocessing = 0;
		};
/* End PBXSourcesBuildPhase section */

/* Begin PBXTargetDependency section */
		512C57FE1EEEBD0F006D7651 /* PBXTargetDependency */ = {
			isa = PBXTargetDependency;
			target = 512C57E41EEEBD0F006D7651 /* BasketCalculator */;
			targetProxy = 512C57FD1EEEBD0F006D7651 /* PBXContainerItemProxy */;
		};
/* End PBXTargetDependency section */

/* Begin PBXVariantGroup section */
		512C57EC1EEEBD0F006D7651 /* Main.storyboard */ = {
			isa = PBXVariantGroup;
			children = (
				512C57ED1EEEBD0F006D7651 /* Base */,
			);
			name = Main.storyboard;
			sourceTree = "<group>";
		};
		512C57F41EEEBD0F006D7651 /* LaunchScreen.storyboard */ = {
			isa = PBXVariantGroup;
			children = (
				512C57F51EEEBD0F006D7651 /* Base */,
			);
			name = LaunchScreen.storyboard;
			sourceTree = "<group>";
		};
/* End PBXVariantGroup section */

/* Begin XCBuildConfiguration section */
		512C58031EEEBD0F006D7651 /* Debug */ = {
			isa = XCBuildConfiguration;
			buildSettings = {
				ALWAYS_SEARCH_USER_PATHS = NO;
				CLANG_ANALYZER_NONNULL = YES;
				CLANG_ANALYZER_NUMBER_OBJECT_CONVERSION = YES_AGGRESSIVE;
				CLANG_CXX_LANGUAGE_STANDARD = "gnu++0x";
				CLANG_CXX_LIBRARY = "libc++";
				CLANG_ENABLE_MODULES = YES;
				CLANG_ENABLE_OBJC_ARC = YES;
				CLANG_WARN_BOOL_CONVERSION = YES;
				CLANG_WARN_CONSTANT_CONVERSION = YES;
				CLANG_WARN_DIRECT_OBJC_ISA_USAGE = YES_ERROR;
				CLANG_WARN_DOCUMENTATION_COMMENTS = YES;
				CLANG_WARN_EMPTY_BODY = YES;
				CLANG_WARN_ENUM_CONVERSION = YES;
				CLANG_WARN_INFINITE_RECURSION = YES;
				CLANG_WARN_INT_CONVERSION = YES;
				CLANG_WARN_OBJC_ROOT_CLASS = YES_ERROR;
				CLANG_WARN_SUSPICIOUS_MOVE = YES;
				CLANG_WARN_UNREACHABLE_CODE = YES;
				CLANG_WARN__DUPLICATE_METHOD_MATCH = YES;
				"CODE_SIGN_IDENTITY[sdk=iphoneos*]" = "iPhone Developer";
				COPY_PHASE_STRIP = NO;
				DEBUG_INFORMATION_FORMAT = dwarf;
				ENABLE_STRICT_OBJC_MSGSEND = YES;
				ENABLE_TESTABILITY = YES;
				GCC_C_LANGUAGE_STANDARD = gnu99;
				GCC_DYNAMIC_NO_PIC = NO;
				GCC_NO_COMMON_BLOCKS = YES;
				GCC_OPTIMIZATION_LEVEL = 0;
				GCC_PREPROCESSOR_DEFINITIONS = (
					"DEBUG=1",
					"$(inherited)",
				);
				GCC_WARN_64_TO_32_BIT_CONVERSION = YES;
				GCC_WARN_ABOUT_RETURN_TYPE = YES_ERROR;
				GCC_WARN_UNDECLARED_SELECTOR = YES;
				GCC_WARN_UNINITIALIZED_AUTOS = YES_AGGRESSIVE;
				GCC_WARN_UNUSED_FUNCTION = YES;
				GCC_WARN_UNUSED_VARIABLE = YES;
				IPHONEOS_DEPLOYMENT_TARGET = 10.3;
				MTL_ENABLE_DEBUG_INFO = YES;
				ONLY_ACTIVE_ARCH = YES;
				SDKROOT = iphoneos;
				SWIFT_ACTIVE_COMPILATION_CONDITIONS = DEBUG;
				SWIFT_OPTIMIZATION_LEVEL = "-Onone";
			};
			name = Debug;
		};
		512C58041EEEBD0F006D7651 /* Release */ = {
			isa = XCBuildConfiguration;
			buildSettings = {
				ALWAYS_SEARCH_USER_PATHS = NO;
				CLANG_ANALYZER_NONNULL = YES;
				CLANG_ANALYZER_NUMBER_OBJECT_CONVERSION = YES_AGGRESSIVE;
				CLANG_CXX_LANGUAGE_STANDARD = "gnu++0x";
				CLANG_CXX_LIBRARY = "libc++";
				CLANG_ENABLE_MODULES = YES;
				CLANG_ENABLE_OBJC_ARC = YES;
				CLANG_WARN_BOOL_CONVERSION = YES;
				CLANG_WARN_CONSTANT_CONVERSION = YES;
				CLANG_WARN_DIRECT_OBJC_ISA_USAGE = YES_ERROR;
				CLANG_WARN_DOCUMENTATION_COMMENTS = YES;
				CLANG_WARN_EMPTY_BODY = YES;
				CLANG_WARN_ENUM_CONVERSION = YES;
				CLANG_WARN_INFINITE_RECURSION = YES;
				CLANG_WARN_INT_CONVERSION = YES;
				CLANG_WARN_OBJC_ROOT_CLASS = YES_ERROR;
				CLANG_WARN_SUSPICIOUS_MOVE = YES;
				CLANG_WARN_UNREACHABLE_CODE = YES;
				CLANG_WARN__DUPLICATE_METHOD_MATCH = YES;
				"CODE_SIGN_IDENTITY[sdk=iphoneos*]" = "iPhone Developer";
				COPY_PHASE_STRIP = NO;
				DEBUG_INFORMATION_FORMAT = "dwarf-with-dsym";
				ENABLE_NS_ASSERTIONS = NO;
				ENABLE_STRICT_OBJC_MSGSEND = YES;
				GCC_C_LANGUAGE_STANDARD = gnu99;
				GCC_NO_COMMON_BLOCKS = YES;
				GCC_WARN_64_TO_32_BIT_CONVERSION = YES;
				GCC_WARN_ABOUT_RETURN_TYPE = YES_ERROR;
				GCC_WARN_UNDECLARED_SELECTOR = YES;
				GCC_WARN_UNINITIALIZED_AUTOS = YES_AGGRESSIVE;
				GCC_WARN_UNUSED_FUNCTION = YES;
				GCC_WARN_UNUSED_VARIABLE = YES;
				IPHONEOS_DEPLOYMENT_TARGET = 10.3;
				MTL_ENABLE_DEBUG_INFO = NO;
				SDKROOT = iphoneos;
				SWIFT_OPTIMIZATION_LEVEL = "-Owholemodule";
				VALIDATE_PRODUCT = YES;
			};
			name = Release;
		};
		512C58061EEEBD0F006D7651 /* Debug */ = {
			isa = XCBuildConfiguration;
			buildSettings = {
				ASSETCATALOG_COMPILER_APPICON_NAME = AppIcon;
				DEVELOPMENT_TEAM = "";
				INFOPLIST_FILE = BasketCalculator/Info.plist;
				LD_RUNPATH_SEARCH_PATHS = "$(inherited) @executable_path/Frameworks";
				PRODUCT_BUNDLE_IDENTIFIER = com.bigbearlabs.BasketCalculator;
				PRODUCT_NAME = "$(TARGET_NAME)";
				PROVISIONING_PROFILE_SPECIFIER = "";
				SWIFT_VERSION = 3.0;
			};
			name = Debug;
		};
		512C58071EEEBD0F006D7651 /* Release */ = {
			isa = XCBuildConfiguration;
			buildSettings = {
				ASSETCATALOG_COMPILER_APPICON_NAME = AppIcon;
				DEVELOPMENT_TEAM = "";
				INFOPLIST_FILE = BasketCalculator/Info.plist;
				LD_RUNPATH_SEARCH_PATHS = "$(inherited) @executable_path/Frameworks";
				PRODUCT_BUNDLE_IDENTIFIER = com.bigbearlabs.BasketCalculator;
				PRODUCT_NAME = "$(TARGET_NAME)";
				PROVISIONING_PROFILE_SPECIFIER = "";
				SWIFT_VERSION = 3.0;
			};
			name = Release;
		};
		512C58091EEEBD0F006D7651 /* Debug */ = {
			isa = XCBuildConfiguration;
			buildSettings = {
				ALWAYS_EMBED_SWIFT_STANDARD_LIBRARIES = YES;
				BUNDLE_LOADER = "$(TEST_HOST)";
				DEVELOPMENT_TEAM = XK44TD8U4S;
				INFOPLIST_FILE = BasketCalculatorTests/Info.plist;
				LD_RUNPATH_SEARCH_PATHS = "$(inherited) @executable_path/Frameworks @loader_path/Frameworks";
				PRODUCT_BUNDLE_IDENTIFIER = com.bigbearlabs.BasketCalculatorTests;
				PRODUCT_NAME = "$(TARGET_NAME)";
				SWIFT_VERSION = 3.0;
				TEST_HOST = "$(BUILT_PRODUCTS_DIR)/BasketCalculator.app/BasketCalculator";
			};
			name = Debug;
		};
		512C580A1EEEBD0F006D7651 /* Release */ = {
			isa = XCBuildConfiguration;
			buildSettings = {
				ALWAYS_EMBED_SWIFT_STANDARD_LIBRARIES = YES;
				BUNDLE_LOADER = "$(TEST_HOST)";
				DEVELOPMENT_TEAM = XK44TD8U4S;
				INFOPLIST_FILE = BasketCalculatorTests/Info.plist;
				LD_RUNPATH_SEARCH_PATHS = "$(inherited) @executable_path/Frameworks @loader_path/Frameworks";
				PRODUCT_BUNDLE_IDENTIFIER = com.bigbearlabs.BasketCalculatorTests;
				PRODUCT_NAME = "$(TARGET_NAME)";
				SWIFT_VERSION = 3.0;
				TEST_HOST = "$(BUILT_PRODUCTS_DIR)/BasketCalculator.app/BasketCalculator";
			};
			name = Release;
		};
/* End XCBuildConfiguration section */

/* Begin XCConfigurationList section */
		512C57E01EEEBD0F006D7651 /* Build configuration list for PBXProject "BasketCalculator" */ = {
			isa = XCConfigurationList;
			buildConfigurations = (
				512C58031EEEBD0F006D7651 /* Debug */,
				512C58041EEEBD0F006D7651 /* Release */,
			);
			defaultConfigurationIsVisible = 0;
			defaultConfigurationName = Release;
		};
		512C58051EEEBD0F006D7651 /* Build configuration list for PBXNativeTarget "BasketCalculator" */ = {
			isa = XCConfigurationList;
			buildConfigurations = (
				512C58061EEEBD0F006D7651 /* Debug */,
				512C58071EEEBD0F006D7651 /* Release */,
			);
			defaultConfigurationIsVisible = 0;
		};
		512C58081EEEBD0F006D7651 /* Build configuration list for PBXNativeTarget "BasketCalculatorTests" */ = {
			isa = XCConfigurationList;
			buildConfigurations = (
				512C58091EEEBD0F006D7651 /* Debug */,
				512C580A1EEEBD0F006D7651 /* Release */,
			);
			defaultConfigurationIsVisible = 0;
		};
/* End XCConfigurationList section */

/* Begin XCVersionGroup section */
		512C57EF1EEEBD0F006D7651 /* BasketCalculator.xcdatamodeld */ = {
			isa = XCVersionGroup;
			children = (
				512C57F01EEEBD0F006D7651 /* BasketCalculator.xcdatamodel */,
			);
			currentVersion = 512C57F01EEEBD0F006D7651 /* BasketCalculator.xcdatamodel */;
			path = BasketCalculator.xcdatamodeld;
			sourceTree = "<group>";
			versionGroupType = wrapper.xcdatamodel;
		};
/* End XCVersionGroup section */
	};
	rootObject = 512C57DD1EEEBD0F006D7651 /* Project object */;
}
